// !$*UTF8*$!
{
	archiveVersion = 1;
	classes = {
	};
	objectVersion = 50;
	objects = {

/* Begin PBXBuildFile section */
		04A7092AC066513B1818FE74 /* Pods_ITFTransportationAppUITests.framework in Frameworks */ = {isa = PBXBuildFile; fileRef = 9D1D70112AA97C872C7BE866 /* Pods_ITFTransportationAppUITests.framework */; };
		CE87273B68D2619EAC3B918B /* Pods_ITFTransportationAppTests.framework in Frameworks */ = {isa = PBXBuildFile; fileRef = 734915D22A31F2288C31295A /* Pods_ITFTransportationAppTests.framework */; };
		E13A09E42236DFFD00E12ECA /* 大学循環左回り.png in Resources */ = {isa = PBXBuildFile; fileRef = E13A09D92236DFFD00E12ECA /* 大学循環左回り.png */; };
		E13A09E52236DFFD00E12ECA /* 荒川沖駅西口行.png in Resources */ = {isa = PBXBuildFile; fileRef = E13A09DA2236DFFD00E12ECA /* 荒川沖駅西口行.png */; };
		E13A09E62236DFFD00E12ECA /* ひたち野うしく駅行.png in Resources */ = {isa = PBXBuildFile; fileRef = E13A09DB2236DFFD00E12ECA /* ひたち野うしく駅行.png */; };
		E13A09E72236DFFD00E12ECA /* 大学中央行.png in Resources */ = {isa = PBXBuildFile; fileRef = E13A09DC2236DFFD00E12ECA /* 大学中央行.png */; };
		E13A09E82236DFFD00E12ECA /* getoff.png in Resources */ = {isa = PBXBuildFile; fileRef = E13A09DD2236DFFD00E12ECA /* getoff.png */; };
		E13A09E92236DFFD00E12ECA /* BusStop16px.png in Resources */ = {isa = PBXBuildFile; fileRef = E13A09DE2236DFFD00E12ECA /* BusStop16px.png */; };
		E13A09EA2236DFFD00E12ECA /* BusStop32px.png in Resources */ = {isa = PBXBuildFile; fileRef = E13A09DF2236DFFD00E12ECA /* BusStop32px.png */; };
		E13A09EB2236DFFD00E12ECA /* ride.png in Resources */ = {isa = PBXBuildFile; fileRef = E13A09E02236DFFD00E12ECA /* ride.png */; };
		E13A09EC2236DFFD00E12ECA /* bus.png in Resources */ = {isa = PBXBuildFile; fileRef = E13A09E12236DFFD00E12ECA /* bus.png */; };
		E13A09ED2236DFFD00E12ECA /* 土浦駅西口行.png in Resources */ = {isa = PBXBuildFile; fileRef = E13A09E22236DFFD00E12ECA /* 土浦駅西口行.png */; };
		E13A09EE2236DFFD00E12ECA /* 大学循環右回り.png in Resources */ = {isa = PBXBuildFile; fileRef = E13A09E32236DFFD00E12ECA /* 大学循環右回り.png */; };
		E18011ED2232149900AA8A58 /* AppDelegate.swift in Sources */ = {isa = PBXBuildFile; fileRef = E18011EC2232149900AA8A58 /* AppDelegate.swift */; };
		E18011EF2232149900AA8A58 /* ViewController.swift in Sources */ = {isa = PBXBuildFile; fileRef = E18011EE2232149900AA8A58 /* ViewController.swift */; };
		E18011F22232149900AA8A58 /* Main.storyboard in Resources */ = {isa = PBXBuildFile; fileRef = E18011F02232149900AA8A58 /* Main.storyboard */; };
		E18011F42232149B00AA8A58 /* Assets.xcassets in Resources */ = {isa = PBXBuildFile; fileRef = E18011F32232149B00AA8A58 /* Assets.xcassets */; };
		E18011F72232149B00AA8A58 /* LaunchScreen.storyboard in Resources */ = {isa = PBXBuildFile; fileRef = E18011F52232149B00AA8A58 /* LaunchScreen.storyboard */; };
		E18012022232149B00AA8A58 /* ITFTransportationAppTests.swift in Sources */ = {isa = PBXBuildFile; fileRef = E18012012232149B00AA8A58 /* ITFTransportationAppTests.swift */; };
		E180120D2232149B00AA8A58 /* ITFTransportationAppUITests.swift in Sources */ = {isa = PBXBuildFile; fileRef = E180120C2232149B00AA8A58 /* ITFTransportationAppUITests.swift */; };
		E18012232232445100AA8A58 /* GoogleService-Info.plist in Resources */ = {isa = PBXBuildFile; fileRef = E18012222232445100AA8A58 /* GoogleService-Info.plist */; };
		E1801229223265C100AA8A58 /* CustomAnnotation.swift in Sources */ = {isa = PBXBuildFile; fileRef = E1801228223265C100AA8A58 /* CustomAnnotation.swift */; };
		F0C85E51EF3940AD50152471 /* Pods_ITFTransportationApp.framework in Frameworks */ = {isa = PBXBuildFile; fileRef = 2C30C2957879EBF2B36C3BF8 /* Pods_ITFTransportationApp.framework */; };
/* End PBXBuildFile section */

/* Begin PBXContainerItemProxy section */
		E18011FE2232149B00AA8A58 /* PBXContainerItemProxy */ = {
			isa = PBXContainerItemProxy;
			containerPortal = E18011E12232149900AA8A58 /* Project object */;
			proxyType = 1;
			remoteGlobalIDString = E18011E82232149900AA8A58;
			remoteInfo = ITFTransportationApp;
		};
		E18012092232149B00AA8A58 /* PBXContainerItemProxy */ = {
			isa = PBXContainerItemProxy;
			containerPortal = E18011E12232149900AA8A58 /* Project object */;
			proxyType = 1;
			remoteGlobalIDString = E18011E82232149900AA8A58;
			remoteInfo = ITFTransportationApp;
		};
/* End PBXContainerItemProxy section */

/* Begin PBXFileReference section */
		028CB4C3D10C7F49978FDD6E /* Pods-ITFTransportationAppTests.release.xcconfig */ = {isa = PBXFileReference; includeInIndex = 1; lastKnownFileType = text.xcconfig; name = "Pods-ITFTransportationAppTests.release.xcconfig"; path = "Target Support Files/Pods-ITFTransportationAppTests/Pods-ITFTransportationAppTests.release.xcconfig"; sourceTree = "<group>"; };
		0458A37B481BAB66215EB052 /* Pods-ITFTransportationApp.release.xcconfig */ = {isa = PBXFileReference; includeInIndex = 1; lastKnownFileType = text.xcconfig; name = "Pods-ITFTransportationApp.release.xcconfig"; path = "Target Support Files/Pods-ITFTransportationApp/Pods-ITFTransportationApp.release.xcconfig"; sourceTree = "<group>"; };
		2C30C2957879EBF2B36C3BF8 /* Pods_ITFTransportationApp.framework */ = {isa = PBXFileReference; explicitFileType = wrapper.framework; includeInIndex = 0; path = Pods_ITFTransportationApp.framework; sourceTree = BUILT_PRODUCTS_DIR; };
		589E2438FA52B3F26D726AA8 /* Pods-ITFTransportationAppTests.debug.xcconfig */ = {isa = PBXFileReference; includeInIndex = 1; lastKnownFileType = text.xcconfig; name = "Pods-ITFTransportationAppTests.debug.xcconfig"; path = "Target Support Files/Pods-ITFTransportationAppTests/Pods-ITFTransportationAppTests.debug.xcconfig"; sourceTree = "<group>"; };
		734915D22A31F2288C31295A /* Pods_ITFTransportationAppTests.framework */ = {isa = PBXFileReference; explicitFileType = wrapper.framework; includeInIndex = 0; path = Pods_ITFTransportationAppTests.framework; sourceTree = BUILT_PRODUCTS_DIR; };
		8CCBC5F758B1C8D6DA81F79B /* Pods-ITFTransportationApp.debug.xcconfig */ = {isa = PBXFileReference; includeInIndex = 1; lastKnownFileType = text.xcconfig; name = "Pods-ITFTransportationApp.debug.xcconfig"; path = "Target Support Files/Pods-ITFTransportationApp/Pods-ITFTransportationApp.debug.xcconfig"; sourceTree = "<group>"; };
		9556FD7AD3AE26523089D062 /* Pods-ITFTransportationAppUITests.release.xcconfig */ = {isa = PBXFileReference; includeInIndex = 1; lastKnownFileType = text.xcconfig; name = "Pods-ITFTransportationAppUITests.release.xcconfig"; path = "Target Support Files/Pods-ITFTransportationAppUITests/Pods-ITFTransportationAppUITests.release.xcconfig"; sourceTree = "<group>"; };
		97FF6E0A153E3D6E986E5D7A /* Pods-ITFTransportationAppUITests.debug.xcconfig */ = {isa = PBXFileReference; includeInIndex = 1; lastKnownFileType = text.xcconfig; name = "Pods-ITFTransportationAppUITests.debug.xcconfig"; path = "Target Support Files/Pods-ITFTransportationAppUITests/Pods-ITFTransportationAppUITests.debug.xcconfig"; sourceTree = "<group>"; };
		9D1D70112AA97C872C7BE866 /* Pods_ITFTransportationAppUITests.framework */ = {isa = PBXFileReference; explicitFileType = wrapper.framework; includeInIndex = 0; path = Pods_ITFTransportationAppUITests.framework; sourceTree = BUILT_PRODUCTS_DIR; };
		E13A09D92236DFFD00E12ECA /* 大学循環左回り.png */ = {isa = PBXFileReference; lastKnownFileType = image.png; path = "大学循環左回り.png"; sourceTree = "<group>"; };
		E13A09DA2236DFFD00E12ECA /* 荒川沖駅西口行.png */ = {isa = PBXFileReference; lastKnownFileType = image.png; path = "荒川沖駅西口行.png"; sourceTree = "<group>"; };
		E13A09DB2236DFFD00E12ECA /* ひたち野うしく駅行.png */ = {isa = PBXFileReference; lastKnownFileType = image.png; path = "ひたち野うしく駅行.png"; sourceTree = "<group>"; };
		E13A09DC2236DFFD00E12ECA /* 大学中央行.png */ = {isa = PBXFileReference; lastKnownFileType = image.png; path = "大学中央行.png"; sourceTree = "<group>"; };
		E13A09DD2236DFFD00E12ECA /* getoff.png */ = {isa = PBXFileReference; lastKnownFileType = image.png; path = getoff.png; sourceTree = "<group>"; };
		E13A09DE2236DFFD00E12ECA /* BusStop16px.png */ = {isa = PBXFileReference; lastKnownFileType = image.png; path = BusStop16px.png; sourceTree = "<group>"; };
		E13A09DF2236DFFD00E12ECA /* BusStop32px.png */ = {isa = PBXFileReference; lastKnownFileType = image.png; path = BusStop32px.png; sourceTree = "<group>"; };
		E13A09E02236DFFD00E12ECA /* ride.png */ = {isa = PBXFileReference; lastKnownFileType = image.png; path = ride.png; sourceTree = "<group>"; };
		E13A09E12236DFFD00E12ECA /* bus.png */ = {isa = PBXFileReference; lastKnownFileType = image.png; path = bus.png; sourceTree = "<group>"; };
		E13A09E22236DFFD00E12ECA /* 土浦駅西口行.png */ = {isa = PBXFileReference; lastKnownFileType = image.png; path = "土浦駅西口行.png"; sourceTree = "<group>"; };
		E13A09E32236DFFD00E12ECA /* 大学循環右回り.png */ = {isa = PBXFileReference; lastKnownFileType = image.png; path = "大学循環右回り.png"; sourceTree = "<group>"; };
		E18011E92232149900AA8A58 /* ITFTransportationApp.app */ = {isa = PBXFileReference; explicitFileType = wrapper.application; includeInIndex = 0; path = ITFTransportationApp.app; sourceTree = BUILT_PRODUCTS_DIR; };
		E18011EC2232149900AA8A58 /* AppDelegate.swift */ = {isa = PBXFileReference; lastKnownFileType = sourcecode.swift; path = AppDelegate.swift; sourceTree = "<group>"; };
		E18011EE2232149900AA8A58 /* ViewController.swift */ = {isa = PBXFileReference; lastKnownFileType = sourcecode.swift; path = ViewController.swift; sourceTree = "<group>"; };
		E18011F12232149900AA8A58 /* Base */ = {isa = PBXFileReference; lastKnownFileType = file.storyboard; name = Base; path = Base.lproj/Main.storyboard; sourceTree = "<group>"; };
		E18011F32232149B00AA8A58 /* Assets.xcassets */ = {isa = PBXFileReference; lastKnownFileType = folder.assetcatalog; path = Assets.xcassets; sourceTree = "<group>"; };
		E18011F62232149B00AA8A58 /* Base */ = {isa = PBXFileReference; lastKnownFileType = file.storyboard; name = Base; path = Base.lproj/LaunchScreen.storyboard; sourceTree = "<group>"; };
		E18011F82232149B00AA8A58 /* Info.plist */ = {isa = PBXFileReference; lastKnownFileType = text.plist.xml; path = Info.plist; sourceTree = "<group>"; };
		E18011FD2232149B00AA8A58 /* ITFTransportationAppTests.xctest */ = {isa = PBXFileReference; explicitFileType = wrapper.cfbundle; includeInIndex = 0; path = ITFTransportationAppTests.xctest; sourceTree = BUILT_PRODUCTS_DIR; };
		E18012012232149B00AA8A58 /* ITFTransportationAppTests.swift */ = {isa = PBXFileReference; lastKnownFileType = sourcecode.swift; path = ITFTransportationAppTests.swift; sourceTree = "<group>"; };
		E18012032232149B00AA8A58 /* Info.plist */ = {isa = PBXFileReference; lastKnownFileType = text.plist.xml; path = Info.plist; sourceTree = "<group>"; };
		E18012082232149B00AA8A58 /* ITFTransportationAppUITests.xctest */ = {isa = PBXFileReference; explicitFileType = wrapper.cfbundle; includeInIndex = 0; path = ITFTransportationAppUITests.xctest; sourceTree = BUILT_PRODUCTS_DIR; };
		E180120C2232149B00AA8A58 /* ITFTransportationAppUITests.swift */ = {isa = PBXFileReference; lastKnownFileType = sourcecode.swift; path = ITFTransportationAppUITests.swift; sourceTree = "<group>"; };
		E180120E2232149B00AA8A58 /* Info.plist */ = {isa = PBXFileReference; lastKnownFileType = text.plist.xml; path = Info.plist; sourceTree = "<group>"; };
		E18012222232445100AA8A58 /* GoogleService-Info.plist */ = {isa = PBXFileReference; fileEncoding = 4; lastKnownFileType = text.plist.xml; path = "GoogleService-Info.plist"; sourceTree = "<group>"; };
		E1801228223265C100AA8A58 /* CustomAnnotation.swift */ = {isa = PBXFileReference; lastKnownFileType = sourcecode.swift; path = CustomAnnotation.swift; sourceTree = "<group>"; };
/* End PBXFileReference section */

/* Begin PBXFrameworksBuildPhase section */
		E18011E62232149900AA8A58 /* Frameworks */ = {
			isa = PBXFrameworksBuildPhase;
			buildActionMask = 2147483647;
			files = (
				F0C85E51EF3940AD50152471 /* Pods_ITFTransportationApp.framework in Frameworks */,
			);
			runOnlyForDeploymentPostprocessing = 0;
		};
		E18011FA2232149B00AA8A58 /* Frameworks */ = {
			isa = PBXFrameworksBuildPhase;
			buildActionMask = 2147483647;
			files = (
				CE87273B68D2619EAC3B918B /* Pods_ITFTransportationAppTests.framework in Frameworks */,
			);
			runOnlyForDeploymentPostprocessing = 0;
		};
		E18012052232149B00AA8A58 /* Frameworks */ = {
			isa = PBXFrameworksBuildPhase;
			buildActionMask = 2147483647;
			files = (
				04A7092AC066513B1818FE74 /* Pods_ITFTransportationAppUITests.framework in Frameworks */,
			);
			runOnlyForDeploymentPostprocessing = 0;
		};
/* End PBXFrameworksBuildPhase section */

/* Begin PBXGroup section */
		25CCB4D7258857DF47E12EDE /* Pods */ = {
			isa = PBXGroup;
			children = (
				8CCBC5F758B1C8D6DA81F79B /* Pods-ITFTransportationApp.debug.xcconfig */,
				0458A37B481BAB66215EB052 /* Pods-ITFTransportationApp.release.xcconfig */,
				589E2438FA52B3F26D726AA8 /* Pods-ITFTransportationAppTests.debug.xcconfig */,
				028CB4C3D10C7F49978FDD6E /* Pods-ITFTransportationAppTests.release.xcconfig */,
				97FF6E0A153E3D6E986E5D7A /* Pods-ITFTransportationAppUITests.debug.xcconfig */,
				9556FD7AD3AE26523089D062 /* Pods-ITFTransportationAppUITests.release.xcconfig */,
			);
			path = Pods;
			sourceTree = "<group>";
		};
		D5398E833856537F5CFDF6FB /* Frameworks */ = {
			isa = PBXGroup;
			children = (
				2C30C2957879EBF2B36C3BF8 /* Pods_ITFTransportationApp.framework */,
				734915D22A31F2288C31295A /* Pods_ITFTransportationAppTests.framework */,
				9D1D70112AA97C872C7BE866 /* Pods_ITFTransportationAppUITests.framework */,
			);
			name = Frameworks;
			sourceTree = "<group>";
		};
		E13A09D82236DFFD00E12ECA /* image */ = {
			isa = PBXGroup;
			children = (
				E13A09D92236DFFD00E12ECA /* 大学循環左回り.png */,
				E13A09DA2236DFFD00E12ECA /* 荒川沖駅西口行.png */,
				E13A09DB2236DFFD00E12ECA /* ひたち野うしく駅行.png */,
				E13A09DC2236DFFD00E12ECA /* 大学中央行.png */,
				E13A09DD2236DFFD00E12ECA /* getoff.png */,
				E13A09DE2236DFFD00E12ECA /* BusStop16px.png */,
				E13A09DF2236DFFD00E12ECA /* BusStop32px.png */,
				E13A09E02236DFFD00E12ECA /* ride.png */,
				E13A09E12236DFFD00E12ECA /* bus.png */,
				E13A09E22236DFFD00E12ECA /* 土浦駅西口行.png */,
				E13A09E32236DFFD00E12ECA /* 大学循環右回り.png */,
			);
			path = image;
			sourceTree = "<group>";
		};
		E18011E02232149900AA8A58 = {
			isa = PBXGroup;
			children = (
				E18011EB2232149900AA8A58 /* ITFTransportationApp */,
				E18012002232149B00AA8A58 /* ITFTransportationAppTests */,
				E180120B2232149B00AA8A58 /* ITFTransportationAppUITests */,
				E18011EA2232149900AA8A58 /* Products */,
				25CCB4D7258857DF47E12EDE /* Pods */,
				D5398E833856537F5CFDF6FB /* Frameworks */,
			);
			sourceTree = "<group>";
		};
		E18011EA2232149900AA8A58 /* Products */ = {
			isa = PBXGroup;
			children = (
				E18011E92232149900AA8A58 /* ITFTransportationApp.app */,
				E18011FD2232149B00AA8A58 /* ITFTransportationAppTests.xctest */,
				E18012082232149B00AA8A58 /* ITFTransportationAppUITests.xctest */,
			);
			name = Products;
			sourceTree = "<group>";
		};
		E18011EB2232149900AA8A58 /* ITFTransportationApp */ = {
			isa = PBXGroup;
			children = (
				E13A09D82236DFFD00E12ECA /* image */,
				E18012222232445100AA8A58 /* GoogleService-Info.plist */,
				E18011EC2232149900AA8A58 /* AppDelegate.swift */,
				E18011EE2232149900AA8A58 /* ViewController.swift */,
				E18011F02232149900AA8A58 /* Main.storyboard */,
				E18011F32232149B00AA8A58 /* Assets.xcassets */,
				E18011F52232149B00AA8A58 /* LaunchScreen.storyboard */,
				E18011F82232149B00AA8A58 /* Info.plist */,
				E1801228223265C100AA8A58 /* CustomAnnotation.swift */,
			);
			path = ITFTransportationApp;
			sourceTree = "<group>";
		};
		E18012002232149B00AA8A58 /* ITFTransportationAppTests */ = {
			isa = PBXGroup;
			children = (
				E18012012232149B00AA8A58 /* ITFTransportationAppTests.swift */,
				E18012032232149B00AA8A58 /* Info.plist */,
			);
			path = ITFTransportationAppTests;
			sourceTree = "<group>";
		};
		E180120B2232149B00AA8A58 /* ITFTransportationAppUITests */ = {
			isa = PBXGroup;
			children = (
				E180120C2232149B00AA8A58 /* ITFTransportationAppUITests.swift */,
				E180120E2232149B00AA8A58 /* Info.plist */,
			);
			path = ITFTransportationAppUITests;
			sourceTree = "<group>";
		};
/* End PBXGroup section */

/* Begin PBXNativeTarget section */
		E18011E82232149900AA8A58 /* ITFTransportationApp */ = {
			isa = PBXNativeTarget;
			buildConfigurationList = E18012112232149B00AA8A58 /* Build configuration list for PBXNativeTarget "ITFTransportationApp" */;
			buildPhases = (
				13DCC8015A70DB52EEB55EF1 /* [CP] Check Pods Manifest.lock */,
				E18011E52232149900AA8A58 /* Sources */,
				E18011E62232149900AA8A58 /* Frameworks */,
				E18011E72232149900AA8A58 /* Resources */,
				3C18D57ED2D8BEC132D8A629 /* [CP] Embed Pods Frameworks */,
			);
			buildRules = (
			);
			dependencies = (
			);
			name = ITFTransportationApp;
			productName = ITFTransportationApp;
			productReference = E18011E92232149900AA8A58 /* ITFTransportationApp.app */;
			productType = "com.apple.product-type.application";
		};
		E18011FC2232149B00AA8A58 /* ITFTransportationAppTests */ = {
			isa = PBXNativeTarget;
			buildConfigurationList = E18012142232149B00AA8A58 /* Build configuration list for PBXNativeTarget "ITFTransportationAppTests" */;
			buildPhases = (
				F6FD549F530449D5899F7441 /* [CP] Check Pods Manifest.lock */,
				E18011F92232149B00AA8A58 /* Sources */,
				E18011FA2232149B00AA8A58 /* Frameworks */,
				E18011FB2232149B00AA8A58 /* Resources */,
			);
			buildRules = (
			);
			dependencies = (
				E18011FF2232149B00AA8A58 /* PBXTargetDependency */,
			);
			name = ITFTransportationAppTests;
			productName = ITFTransportationAppTests;
			productReference = E18011FD2232149B00AA8A58 /* ITFTransportationAppTests.xctest */;
			productType = "com.apple.product-type.bundle.unit-test";
		};
		E18012072232149B00AA8A58 /* ITFTransportationAppUITests */ = {
			isa = PBXNativeTarget;
			buildConfigurationList = E18012172232149B00AA8A58 /* Build configuration list for PBXNativeTarget "ITFTransportationAppUITests" */;
			buildPhases = (
				FA62FE8DAE32177E458E15EA /* [CP] Check Pods Manifest.lock */,
				E18012042232149B00AA8A58 /* Sources */,
				E18012052232149B00AA8A58 /* Frameworks */,
				E18012062232149B00AA8A58 /* Resources */,
			);
			buildRules = (
			);
			dependencies = (
				E180120A2232149B00AA8A58 /* PBXTargetDependency */,
			);
			name = ITFTransportationAppUITests;
			productName = ITFTransportationAppUITests;
			productReference = E18012082232149B00AA8A58 /* ITFTransportationAppUITests.xctest */;
			productType = "com.apple.product-type.bundle.ui-testing";
		};
/* End PBXNativeTarget section */

/* Begin PBXProject section */
		E18011E12232149900AA8A58 /* Project object */ = {
			isa = PBXProject;
			attributes = {
				LastSwiftUpdateCheck = 1010;
				LastUpgradeCheck = 1010;
				ORGANIZATIONNAME = "Yasuko Namikawa";
				TargetAttributes = {
					E18011E82232149900AA8A58 = {
						CreatedOnToolsVersion = 10.1;
						SystemCapabilities = {
							com.apple.BackgroundModes = {
								enabled = 1;
							};
						};
					};
					E18011FC2232149B00AA8A58 = {
						CreatedOnToolsVersion = 10.1;
						TestTargetID = E18011E82232149900AA8A58;
					};
					E18012072232149B00AA8A58 = {
						CreatedOnToolsVersion = 10.1;
						TestTargetID = E18011E82232149900AA8A58;
					};
				};
			};
			buildConfigurationList = E18011E42232149900AA8A58 /* Build configuration list for PBXProject "ITFTransportationApp" */;
			compatibilityVersion = "Xcode 9.3";
			developmentRegion = en;
			hasScannedForEncodings = 0;
			knownRegions = (
				en,
				Base,
			);
			mainGroup = E18011E02232149900AA8A58;
			productRefGroup = E18011EA2232149900AA8A58 /* Products */;
			projectDirPath = "";
			projectRoot = "";
			targets = (
				E18011E82232149900AA8A58 /* ITFTransportationApp */,
				E18011FC2232149B00AA8A58 /* ITFTransportationAppTests */,
				E18012072232149B00AA8A58 /* ITFTransportationAppUITests */,
			);
		};
/* End PBXProject section */

/* Begin PBXResourcesBuildPhase section */
		E18011E72232149900AA8A58 /* Resources */ = {
			isa = PBXResourcesBuildPhase;
			buildActionMask = 2147483647;
			files = (
				E13A09E72236DFFD00E12ECA /* 大学中央行.png in Resources */,
				E13A09ED2236DFFD00E12ECA /* 土浦駅西口行.png in Resources */,
				E18011F72232149B00AA8A58 /* LaunchScreen.storyboard in Resources */,
				E13A09EC2236DFFD00E12ECA /* bus.png in Resources */,
				E18011F42232149B00AA8A58 /* Assets.xcassets in Resources */,
				E18011F22232149900AA8A58 /* Main.storyboard in Resources */,
				E18012232232445100AA8A58 /* GoogleService-Info.plist in Resources */,
				E13A09E82236DFFD00E12ECA /* getoff.png in Resources */,
				E13A09E52236DFFD00E12ECA /* 荒川沖駅西口行.png in Resources */,
				E13A09E62236DFFD00E12ECA /* ひたち野うしく駅行.png in Resources */,
				E13A09E42236DFFD00E12ECA /* 大学循環左回り.png in Resources */,
				E13A09EA2236DFFD00E12ECA /* BusStop32px.png in Resources */,
				E13A09EE2236DFFD00E12ECA /* 大学循環右回り.png in Resources */,
				E13A09E92236DFFD00E12ECA /* BusStop16px.png in Resources */,
				E13A09EB2236DFFD00E12ECA /* ride.png in Resources */,
			);
			runOnlyForDeploymentPostprocessing = 0;
		};
		E18011FB2232149B00AA8A58 /* Resources */ = {
			isa = PBXResourcesBuildPhase;
			buildActionMask = 2147483647;
			files = (
			);
			runOnlyForDeploymentPostprocessing = 0;
		};
		E18012062232149B00AA8A58 /* Resources */ = {
			isa = PBXResourcesBuildPhase;
			buildActionMask = 2147483647;
			files = (
			);
			runOnlyForDeploymentPostprocessing = 0;
		};
/* End PBXResourcesBuildPhase section */

/* Begin PBXShellScriptBuildPhase section */
		13DCC8015A70DB52EEB55EF1 /* [CP] Check Pods Manifest.lock */ = {
			isa = PBXShellScriptBuildPhase;
			buildActionMask = 2147483647;
			files = (
			);
			inputFileListPaths = (
			);
			inputPaths = (
				"${PODS_PODFILE_DIR_PATH}/Podfile.lock",
				"${PODS_ROOT}/Manifest.lock",
			);
			name = "[CP] Check Pods Manifest.lock";
			outputFileListPaths = (
			);
			outputPaths = (
				"$(DERIVED_FILE_DIR)/Pods-ITFTransportationApp-checkManifestLockResult.txt",
			);
			runOnlyForDeploymentPostprocessing = 0;
			shellPath = /bin/sh;
			shellScript = "diff \"${PODS_PODFILE_DIR_PATH}/Podfile.lock\" \"${PODS_ROOT}/Manifest.lock\" > /dev/null\nif [ $? != 0 ] ; then\n    # print error to STDERR\n    echo \"error: The sandbox is not in sync with the Podfile.lock. Run 'pod install' or update your CocoaPods installation.\" >&2\n    exit 1\nfi\n# This output is used by Xcode 'outputs' to avoid re-running this script phase.\necho \"SUCCESS\" > \"${SCRIPT_OUTPUT_FILE_0}\"\n";
			showEnvVarsInLog = 0;
		};
		3C18D57ED2D8BEC132D8A629 /* [CP] Embed Pods Frameworks */ = {
			isa = PBXShellScriptBuildPhase;
			buildActionMask = 2147483647;
			files = (
			);
			inputFileListPaths = (
			);
			inputPaths = (
				"${PODS_ROOT}/Target Support Files/Pods-ITFTransportationApp/Pods-ITFTransportationApp-frameworks.sh",
				"${BUILT_PRODUCTS_DIR}/BoringSSL-GRPC/openssl_grpc.framework",
				"${BUILT_PRODUCTS_DIR}/GoogleUtilities/GoogleUtilities.framework",
				"${BUILT_PRODUCTS_DIR}/Protobuf/Protobuf.framework",
				"${BUILT_PRODUCTS_DIR}/gRPC-C++/grpcpp.framework",
				"${BUILT_PRODUCTS_DIR}/gRPC-Core/grpc.framework",
				"${BUILT_PRODUCTS_DIR}/leveldb-library/leveldb.framework",
				"${BUILT_PRODUCTS_DIR}/nanopb/nanopb.framework",
			);
			name = "[CP] Embed Pods Frameworks";
			outputFileListPaths = (
			);
			outputPaths = (
				"${TARGET_BUILD_DIR}/${FRAMEWORKS_FOLDER_PATH}/openssl_grpc.framework",
				"${TARGET_BUILD_DIR}/${FRAMEWORKS_FOLDER_PATH}/GoogleUtilities.framework",
				"${TARGET_BUILD_DIR}/${FRAMEWORKS_FOLDER_PATH}/Protobuf.framework",
				"${TARGET_BUILD_DIR}/${FRAMEWORKS_FOLDER_PATH}/grpcpp.framework",
				"${TARGET_BUILD_DIR}/${FRAMEWORKS_FOLDER_PATH}/grpc.framework",
				"${TARGET_BUILD_DIR}/${FRAMEWORKS_FOLDER_PATH}/leveldb.framework",
				"${TARGET_BUILD_DIR}/${FRAMEWORKS_FOLDER_PATH}/nanopb.framework",
			);
			runOnlyForDeploymentPostprocessing = 0;
			shellPath = /bin/sh;
			shellScript = "\"${PODS_ROOT}/Target Support Files/Pods-ITFTransportationApp/Pods-ITFTransportationApp-frameworks.sh\"\n";
			showEnvVarsInLog = 0;
		};
		F6FD549F530449D5899F7441 /* [CP] Check Pods Manifest.lock */ = {
			isa = PBXShellScriptBuildPhase;
			buildActionMask = 2147483647;
			files = (
			);
			inputFileListPaths = (
			);
			inputPaths = (
				"${PODS_PODFILE_DIR_PATH}/Podfile.lock",
				"${PODS_ROOT}/Manifest.lock",
			);
			name = "[CP] Check Pods Manifest.lock";
			outputFileListPaths = (
			);
			outputPaths = (
				"$(DERIVED_FILE_DIR)/Pods-ITFTransportationAppTests-checkManifestLockResult.txt",
			);
			runOnlyForDeploymentPostprocessing = 0;
			shellPath = /bin/sh;
			shellScript = "diff \"${PODS_PODFILE_DIR_PATH}/Podfile.lock\" \"${PODS_ROOT}/Manifest.lock\" > /dev/null\nif [ $? != 0 ] ; then\n    # print error to STDERR\n    echo \"error: The sandbox is not in sync with the Podfile.lock. Run 'pod install' or update your CocoaPods installation.\" >&2\n    exit 1\nfi\n# This output is used by Xcode 'outputs' to avoid re-running this script phase.\necho \"SUCCESS\" > \"${SCRIPT_OUTPUT_FILE_0}\"\n";
			showEnvVarsInLog = 0;
		};
		FA62FE8DAE32177E458E15EA /* [CP] Check Pods Manifest.lock */ = {
			isa = PBXShellScriptBuildPhase;
			buildActionMask = 2147483647;
			files = (
			);
			inputFileListPaths = (
			);
			inputPaths = (
				"${PODS_PODFILE_DIR_PATH}/Podfile.lock",
				"${PODS_ROOT}/Manifest.lock",
			);
			name = "[CP] Check Pods Manifest.lock";
			outputFileListPaths = (
			);
			outputPaths = (
				"$(DERIVED_FILE_DIR)/Pods-ITFTransportationAppUITests-checkManifestLockResult.txt",
			);
			runOnlyForDeploymentPostprocessing = 0;
			shellPath = /bin/sh;
			shellScript = "diff \"${PODS_PODFILE_DIR_PATH}/Podfile.lock\" \"${PODS_ROOT}/Manifest.lock\" > /dev/null\nif [ $? != 0 ] ; then\n    # print error to STDERR\n    echo \"error: The sandbox is not in sync with the Podfile.lock. Run 'pod install' or update your CocoaPods installation.\" >&2\n    exit 1\nfi\n# This output is used by Xcode 'outputs' to avoid re-running this script phase.\necho \"SUCCESS\" > \"${SCRIPT_OUTPUT_FILE_0}\"\n";
			showEnvVarsInLog = 0;
		};
/* End PBXShellScriptBuildPhase section */

/* Begin PBXSourcesBuildPhase section */
		E18011E52232149900AA8A58 /* Sources */ = {
			isa = PBXSourcesBuildPhase;
			buildActionMask = 2147483647;
			files = (
				E18011EF2232149900AA8A58 /* ViewController.swift in Sources */,
				E18011ED2232149900AA8A58 /* AppDelegate.swift in Sources */,
				E1801229223265C100AA8A58 /* CustomAnnotation.swift in Sources */,
			);
			runOnlyForDeploymentPostprocessing = 0;
		};
		E18011F92232149B00AA8A58 /* Sources */ = {
			isa = PBXSourcesBuildPhase;
			buildActionMask = 2147483647;
			files = (
				E18012022232149B00AA8A58 /* ITFTransportationAppTests.swift in Sources */,
			);
			runOnlyForDeploymentPostprocessing = 0;
		};
		E18012042232149B00AA8A58 /* Sources */ = {
			isa = PBXSourcesBuildPhase;
			buildActionMask = 2147483647;
			files = (
				E180120D2232149B00AA8A58 /* ITFTransportationAppUITests.swift in Sources */,
			);
			runOnlyForDeploymentPostprocessing = 0;
		};
/* End PBXSourcesBuildPhase section */

/* Begin PBXTargetDependency section */
		E18011FF2232149B00AA8A58 /* PBXTargetDependency */ = {
			isa = PBXTargetDependency;
			target = E18011E82232149900AA8A58 /* ITFTransportationApp */;
			targetProxy = E18011FE2232149B00AA8A58 /* PBXContainerItemProxy */;
		};
		E180120A2232149B00AA8A58 /* PBXTargetDependency */ = {
			isa = PBXTargetDependency;
			target = E18011E82232149900AA8A58 /* ITFTransportationApp */;
			targetProxy = E18012092232149B00AA8A58 /* PBXContainerItemProxy */;
		};
/* End PBXTargetDependency section */

/* Begin PBXVariantGroup section */
		E18011F02232149900AA8A58 /* Main.storyboard */ = {
			isa = PBXVariantGroup;
			children = (
				E18011F12232149900AA8A58 /* Base */,
			);
			name = Main.storyboard;
			sourceTree = "<group>";
		};
		E18011F52232149B00AA8A58 /* LaunchScreen.storyboard */ = {
			isa = PBXVariantGroup;
			children = (
				E18011F62232149B00AA8A58 /* Base */,
			);
			name = LaunchScreen.storyboard;
			sourceTree = "<group>";
		};
/* End PBXVariantGroup section */

/* Begin XCBuildConfiguration section */
		E180120F2232149B00AA8A58 /* Debug */ = {
			isa = XCBuildConfiguration;
			buildSettings = {
				ALWAYS_SEARCH_USER_PATHS = NO;
				CLANG_ANALYZER_NONNULL = YES;
				CLANG_ANALYZER_NUMBER_OBJECT_CONVERSION = YES_AGGRESSIVE;
				CLANG_CXX_LANGUAGE_STANDARD = "gnu++14";
				CLANG_CXX_LIBRARY = "libc++";
				CLANG_ENABLE_MODULES = YES;
				CLANG_ENABLE_OBJC_ARC = YES;
				CLANG_ENABLE_OBJC_WEAK = YES;
				CLANG_WARN_BLOCK_CAPTURE_AUTORELEASING = YES;
				CLANG_WARN_BOOL_CONVERSION = YES;
				CLANG_WARN_COMMA = YES;
				CLANG_WARN_CONSTANT_CONVERSION = YES;
				CLANG_WARN_DEPRECATED_OBJC_IMPLEMENTATIONS = YES;
				CLANG_WARN_DIRECT_OBJC_ISA_USAGE = YES_ERROR;
				CLANG_WARN_DOCUMENTATION_COMMENTS = YES;
				CLANG_WARN_EMPTY_BODY = YES;
				CLANG_WARN_ENUM_CONVERSION = YES;
				CLANG_WARN_INFINITE_RECURSION = YES;
				CLANG_WARN_INT_CONVERSION = YES;
				CLANG_WARN_NON_LITERAL_NULL_CONVERSION = YES;
				CLANG_WARN_OBJC_IMPLICIT_RETAIN_SELF = YES;
				CLANG_WARN_OBJC_LITERAL_CONVERSION = YES;
				CLANG_WARN_OBJC_ROOT_CLASS = YES_ERROR;
				CLANG_WARN_RANGE_LOOP_ANALYSIS = YES;
				CLANG_WARN_STRICT_PROTOTYPES = YES;
				CLANG_WARN_SUSPICIOUS_MOVE = YES;
				CLANG_WARN_UNGUARDED_AVAILABILITY = YES_AGGRESSIVE;
				CLANG_WARN_UNREACHABLE_CODE = YES;
				CLANG_WARN__DUPLICATE_METHOD_MATCH = YES;
				CODE_SIGN_IDENTITY = "iPhone Developer";
				COPY_PHASE_STRIP = NO;
				DEBUG_INFORMATION_FORMAT = dwarf;
				ENABLE_STRICT_OBJC_MSGSEND = YES;
				ENABLE_TESTABILITY = YES;
				GCC_C_LANGUAGE_STANDARD = gnu11;
				GCC_DYNAMIC_NO_PIC = NO;
				GCC_NO_COMMON_BLOCKS = YES;
				GCC_OPTIMIZATION_LEVEL = 0;
				GCC_PREPROCESSOR_DEFINITIONS = (
					"DEBUG=1",
					"$(inherited)",
				);
				GCC_WARN_64_TO_32_BIT_CONVERSION = YES;
				GCC_WARN_ABOUT_RETURN_TYPE = YES_ERROR;
				GCC_WARN_UNDECLARED_SELECTOR = YES;
				GCC_WARN_UNINITIALIZED_AUTOS = YES_AGGRESSIVE;
				GCC_WARN_UNUSED_FUNCTION = YES;
				GCC_WARN_UNUSED_VARIABLE = YES;
				IPHONEOS_DEPLOYMENT_TARGET = 12.1;
				MTL_ENABLE_DEBUG_INFO = INCLUDE_SOURCE;
				MTL_FAST_MATH = YES;
				ONLY_ACTIVE_ARCH = YES;
				SDKROOT = iphoneos;
				SWIFT_ACTIVE_COMPILATION_CONDITIONS = DEBUG;
				SWIFT_OPTIMIZATION_LEVEL = "-Onone";
			};
			name = Debug;
		};
		E18012102232149B00AA8A58 /* Release */ = {
			isa = XCBuildConfiguration;
			buildSettings = {
				ALWAYS_SEARCH_USER_PATHS = NO;
				CLANG_ANALYZER_NONNULL = YES;
				CLANG_ANALYZER_NUMBER_OBJECT_CONVERSION = YES_AGGRESSIVE;
				CLANG_CXX_LANGUAGE_STANDARD = "gnu++14";
				CLANG_CXX_LIBRARY = "libc++";
				CLANG_ENABLE_MODULES = YES;
				CLANG_ENABLE_OBJC_ARC = YES;
				CLANG_ENABLE_OBJC_WEAK = YES;
				CLANG_WARN_BLOCK_CAPTURE_AUTORELEASING = YES;
				CLANG_WARN_BOOL_CONVERSION = YES;
				CLANG_WARN_COMMA = YES;
				CLANG_WARN_CONSTANT_CONVERSION = YES;
				CLANG_WARN_DEPRECATED_OBJC_IMPLEMENTATIONS = YES;
				CLANG_WARN_DIRECT_OBJC_ISA_USAGE = YES_ERROR;
				CLANG_WARN_DOCUMENTATION_COMMENTS = YES;
				CLANG_WARN_EMPTY_BODY = YES;
				CLANG_WARN_ENUM_CONVERSION = YES;
				CLANG_WARN_INFINITE_RECURSION = YES;
				CLANG_WARN_INT_CONVERSION = YES;
				CLANG_WARN_NON_LITERAL_NULL_CONVERSION = YES;
				CLANG_WARN_OBJC_IMPLICIT_RETAIN_SELF = YES;
				CLANG_WARN_OBJC_LITERAL_CONVERSION = YES;
				CLANG_WARN_OBJC_ROOT_CLASS = YES_ERROR;
				CLANG_WARN_RANGE_LOOP_ANALYSIS = YES;
				CLANG_WARN_STRICT_PROTOTYPES = YES;
				CLANG_WARN_SUSPICIOUS_MOVE = YES;
				CLANG_WARN_UNGUARDED_AVAILABILITY = YES_AGGRESSIVE;
				CLANG_WARN_UNREACHABLE_CODE = YES;
				CLANG_WARN__DUPLICATE_METHOD_MATCH = YES;
				CODE_SIGN_IDENTITY = "iPhone Developer";
				COPY_PHASE_STRIP = NO;
				DEBUG_INFORMATION_FORMAT = "dwarf-with-dsym";
				ENABLE_NS_ASSERTIONS = NO;
				ENABLE_STRICT_OBJC_MSGSEND = YES;
				GCC_C_LANGUAGE_STANDARD = gnu11;
				GCC_NO_COMMON_BLOCKS = YES;
				GCC_WARN_64_TO_32_BIT_CONVERSION = YES;
				GCC_WARN_ABOUT_RETURN_TYPE = YES_ERROR;
				GCC_WARN_UNDECLARED_SELECTOR = YES;
				GCC_WARN_UNINITIALIZED_AUTOS = YES_AGGRESSIVE;
				GCC_WARN_UNUSED_FUNCTION = YES;
				GCC_WARN_UNUSED_VARIABLE = YES;
				IPHONEOS_DEPLOYMENT_TARGET = 12.1;
				MTL_ENABLE_DEBUG_INFO = NO;
				MTL_FAST_MATH = YES;
				SDKROOT = iphoneos;
				SWIFT_COMPILATION_MODE = wholemodule;
				SWIFT_OPTIMIZATION_LEVEL = "-O";
				VALIDATE_PRODUCT = YES;
			};
			name = Release;
		};
		E18012122232149B00AA8A58 /* Debug */ = {
			isa = XCBuildConfiguration;
			baseConfigurationReference = 8CCBC5F758B1C8D6DA81F79B /* Pods-ITFTransportationApp.debug.xcconfig */;
			buildSettings = {
				ASSETCATALOG_COMPILER_APPICON_NAME = AppIcon;
				CODE_SIGN_STYLE = Automatic;
				DEVELOPMENT_TEAM = 74SXHDJ552;
				INFOPLIST_FILE = ITFTransportationApp/Info.plist;
				LD_RUNPATH_SEARCH_PATHS = (
					"$(inherited)",
					"@executable_path/Frameworks",
				);
				PRODUCT_BUNDLE_IDENTIFIER = "Yasuko-Namikawa.ITFTransportationApp";
				PRODUCT_NAME = "$(TARGET_NAME)";
				SWIFT_VERSION = 4.2;
				TARGETED_DEVICE_FAMILY = "1,2";
			};
			name = Debug;
		};
		E18012132232149B00AA8A58 /* Release */ = {
			isa = XCBuildConfiguration;
			baseConfigurationReference = 0458A37B481BAB66215EB052 /* Pods-ITFTransportationApp.release.xcconfig */;
			buildSettings = {
				ASSETCATALOG_COMPILER_APPICON_NAME = AppIcon;
				CODE_SIGN_STYLE = Automatic;
				DEVELOPMENT_TEAM = 74SXHDJ552;
				INFOPLIST_FILE = ITFTransportationApp/Info.plist;
				LD_RUNPATH_SEARCH_PATHS = (
					"$(inherited)",
					"@executable_path/Frameworks",
				);
				PRODUCT_BUNDLE_IDENTIFIER = "Yasuko-Namikawa.ITFTransportationApp";
				PRODUCT_NAME = "$(TARGET_NAME)";
				SWIFT_VERSION = 4.2;
				TARGETED_DEVICE_FAMILY = "1,2";
			};
			name = Release;
		};
		E18012152232149B00AA8A58 /* Debug */ = {
			isa = XCBuildConfiguration;
			baseConfigurationReference = 589E2438FA52B3F26D726AA8 /* Pods-ITFTransportationAppTests.debug.xcconfig */;
			buildSettings = {
				ALWAYS_EMBED_SWIFT_STANDARD_LIBRARIES = YES;
				BUNDLE_LOADER = "$(TEST_HOST)";
				CODE_SIGN_STYLE = Automatic;
				DEVELOPMENT_TEAM = 74SXHDJ552;
				INFOPLIST_FILE = ITFTransportationAppTests/Info.plist;
				LD_RUNPATH_SEARCH_PATHS = (
					"$(inherited)",
					"@executable_path/Frameworks",
					"@loader_path/Frameworks",
				);
				PRODUCT_BUNDLE_IDENTIFIER = "Yasuko-Namikawa.ITFTransportationAppTests";
				PRODUCT_NAME = "$(TARGET_NAME)";
				SWIFT_VERSION = 4.2;
				TARGETED_DEVICE_FAMILY = "1,2";
				TEST_HOST = "$(BUILT_PRODUCTS_DIR)/ITFTransportationApp.app/ITFTransportationApp";
			};
			name = Debug;
		};
		E18012162232149B00AA8A58 /* Release */ = {
			isa = XCBuildConfiguration;
			baseConfigurationReference = 028CB4C3D10C7F49978FDD6E /* Pods-ITFTransportationAppTests.release.xcconfig */;
			buildSettings = {
				ALWAYS_EMBED_SWIFT_STANDARD_LIBRARIES = YES;
				BUNDLE_LOADER = "$(TEST_HOST)";
				CODE_SIGN_STYLE = Automatic;
				DEVELOPMENT_TEAM = 74SXHDJ552;
				INFOPLIST_FILE = ITFTransportationAppTests/Info.plist;
				LD_RUNPATH_SEARCH_PATHS = (
					"$(inherited)",
					"@executable_path/Frameworks",
					"@loader_path/Frameworks",
				);
				PRODUCT_BUNDLE_IDENTIFIER = "Yasuko-Namikawa.ITFTransportationAppTests";
				PRODUCT_NAME = "$(TARGET_NAME)";
				SWIFT_VERSION = 4.2;
				TARGETED_DEVICE_FAMILY = "1,2";
				TEST_HOST = "$(BUILT_PRODUCTS_DIR)/ITFTransportationApp.app/ITFTransportationApp";
			};
			name = Release;
		};
		E18012182232149B00AA8A58 /* Debug */ = {
			isa = XCBuildConfiguration;
			baseConfigurationReference = 97FF6E0A153E3D6E986E5D7A /* Pods-ITFTransportationAppUITests.debug.xcconfig */;
			buildSettings = {
				ALWAYS_EMBED_SWIFT_STANDARD_LIBRARIES = YES;
				CODE_SIGN_STYLE = Automatic;
				DEVELOPMENT_TEAM = 74SXHDJ552;
				INFOPLIST_FILE = ITFTransportationAppUITests/Info.plist;
				LD_RUNPATH_SEARCH_PATHS = (
					"$(inherited)",
					"@executable_path/Frameworks",
					"@loader_path/Frameworks",
				);
				PRODUCT_BUNDLE_IDENTIFIER = "Yasuko-Namikawa.ITFTransportationAppUITests";
				PRODUCT_NAME = "$(TARGET_NAME)";
				SWIFT_VERSION = 4.2;
				TARGETED_DEVICE_FAMILY = "1,2";
				TEST_TARGET_NAME = ITFTransportationApp;
			};
			name = Debug;
		};
		E18012192232149B00AA8A58 /* Release */ = {
			isa = XCBuildConfiguration;
			baseConfigurationReference = 9556FD7AD3AE26523089D062 /* Pods-ITFTransportationAppUITests.release.xcconfig */;
			buildSettings = {
				ALWAYS_EMBED_SWIFT_STANDARD_LIBRARIES = YES;
				CODE_SIGN_STYLE = Automatic;
				DEVELOPMENT_TEAM = 74SXHDJ552;
				INFOPLIST_FILE = ITFTransportationAppUITests/Info.plist;
				LD_RUNPATH_SEARCH_PATHS = (
					"$(inherited)",
					"@executable_path/Frameworks",
					"@loader_path/Frameworks",
				);
				PRODUCT_BUNDLE_IDENTIFIER = "Yasuko-Namikawa.ITFTransportationAppUITests";
				PRODUCT_NAME = "$(TARGET_NAME)";
				SWIFT_VERSION = 4.2;
				TARGETED_DEVICE_FAMILY = "1,2";
				TEST_TARGET_NAME = ITFTransportationApp;
			};
			name = Release;
		};
/* End XCBuildConfiguration section */

/* Begin XCConfigurationList section */
		E18011E42232149900AA8A58 /* Build configuration list for PBXProject "ITFTransportationApp" */ = {
			isa = XCConfigurationList;
			buildConfigurations = (
				E180120F2232149B00AA8A58 /* Debug */,
				E18012102232149B00AA8A58 /* Release */,
			);
			defaultConfigurationIsVisible = 0;
			defaultConfigurationName = Release;
		};
		E18012112232149B00AA8A58 /* Build configuration list for PBXNativeTarget "ITFTransportationApp" */ = {
			isa = XCConfigurationList;
			buildConfigurations = (
				E18012122232149B00AA8A58 /* Debug */,
				E18012132232149B00AA8A58 /* Release */,
			);
			defaultConfigurationIsVisible = 0;
			defaultConfigurationName = Release;
		};
		E18012142232149B00AA8A58 /* Build configuration list for PBXNativeTarget "ITFTransportationAppTests" */ = {
			isa = XCConfigurationList;
			buildConfigurations = (
				E18012152232149B00AA8A58 /* Debug */,
				E18012162232149B00AA8A58 /* Release */,
			);
			defaultConfigurationIsVisible = 0;
			defaultConfigurationName = Release;
		};
		E18012172232149B00AA8A58 /* Build configuration list for PBXNativeTarget "ITFTransportationAppUITests" */ = {
			isa = XCConfigurationList;
			buildConfigurations = (
				E18012182232149B00AA8A58 /* Debug */,
				E18012192232149B00AA8A58 /* Release */,
			);
			defaultConfigurationIsVisible = 0;
			defaultConfigurationName = Release;
		};
/* End XCConfigurationList section */
	};
	rootObject = E18011E12232149900AA8A58 /* Project object */;
}
